
Microsoft Visual Studio Solution File, Format Version 12.00
# Visual Studio Version 17
VisualStudioVersion = 17.0.31903.59
MinimumVisualStudioVersion = 10.0.40219.1
Project("{9A19103F-16F7-4668-BE54-9A1E7A4F7556}") = "ScreenTime", "src\ScreenTime\ScreenTime.csproj", "{9290E69C-5828-4FA6-B14F-AAB13446A00F}"
EndProject
Project("{9A19103F-16F7-4668-BE54-9A1E7A4F7556}") = "ScreenTime.Tests", "tests\ScreenTime.Tests\ScreenTime.Tests.csproj", "{075EF03D-5479-4042-AD16-EA058AF32B02}"
EndProject
Global
	GlobalSection(SolutionConfigurationPlatforms) = preSolution
		Debug|Any CPU = Debug|Any CPU
		Release|Any CPU = Release|Any CPU
	EndGlobalSection
	GlobalSection(SolutionProperties) = preSolution
		HideSolutionNode = FALSE
	EndGlobalSection
	GlobalSection(ProjectConfigurationPlatforms) = postSolution
		{9290E69C-5828-4FA6-B14F-AAB13446A00F}.Debug|Any CPU.ActiveCfg = Debug|Any CPU
		{9290E69C-5828-4FA6-B14F-AAB13446A00F}.Debug|Any CPU.Build.0 = Debug|Any CPU
		{9290E69C-5828-4FA6-B14F-AAB13446A00F}.Release|Any CPU.ActiveCfg = Release|Any CPU
		{9290E69C-5828-4FA6-B14F-AAB13446A00F}.Release|Any CPU.Build.0 = Release|Any CPU
		{075EF03D-5479-4042-AD16-EA058AF32B02}.Debug|Any CPU.ActiveCfg = Debug|Any CPU
		{075EF03D-5479-4042-AD16-EA058AF32B02}.Debug|Any CPU.Build.0 = Debug|Any CPU
		{075EF03D-5479-4042-AD16-EA058AF32B02}.Release|Any CPU.ActiveCfg = Release|Any CPU
		{075EF03D-5479-4042-AD16-EA058AF32B02}.Release|Any CPU.Build.0 = Release|Any CPU
	EndGlobalSection
EndGlobal
